
Microsoft Visual Studio Solution File, Format Version 12.00
# Visual Studio 14
VisualStudioVersion = 14.0.23107.0
MinimumVisualStudioVersion = 10.0.40219.1
Project("{FAE04EC0-301F-11D3-BF4B-00C04F79EFBC}") = "LendingLibrary", "LendingLibrary\LendingLibrary.csproj", "{7EC5CE15-E417-46BE-A5BB-944246F8F4EC}"
EndProject
Project("{FAE04EC0-301F-11D3-BF4B-00C04F79EFBC}") = "LendingLibrary.Tests", "LendingLibrary.Tests\LendingLibrary.Tests.csproj", "{54847E6E-DCDD-42D9-AC74-51C897391E6A}"
EndProject
Project("{FAE04EC0-301F-11D3-BF4B-00C04F79EFBC}") = "LendingLibrary.Domain", "LendingLibrary.Domain\LendingLibrary.Domain.csproj", "{FB670DE8-4235-4050-B52E-91C5E21748C9}"
EndProject
Project("{FAE04EC0-301F-11D3-BF4B-00C04F79EFBC}") = "LendingLibrary.Domain.Tests", "LendingLibrary.Domain.Tests\LendingLibrary.Domain.Tests.csproj", "{305EC52E-F87C-4EA7-853B-C9AE227B8338}"
EndProject
Project("{FAE04EC0-301F-11D3-BF4B-00C04F79EFBC}") = "LendingLibraryUsingEntity.DbMigrations", "LendingLibraryUsingEntity.DbMigrations\LendingLibraryUsingEntity.DbMigrations.csproj", "{EF8674DD-EC5B-4690-9463-88E19935C186}"
EndProject
Global
	GlobalSection(SolutionConfigurationPlatforms) = preSolution
		Debug|Any CPU = Debug|Any CPU
		Release|Any CPU = Release|Any CPU
	EndGlobalSection
	GlobalSection(ProjectConfigurationPlatforms) = postSolution
		{7EC5CE15-E417-46BE-A5BB-944246F8F4EC}.Debug|Any CPU.ActiveCfg = Debug|Any CPU
		{7EC5CE15-E417-46BE-A5BB-944246F8F4EC}.Debug|Any CPU.Build.0 = Debug|Any CPU
		{7EC5CE15-E417-46BE-A5BB-944246F8F4EC}.Release|Any CPU.ActiveCfg = Release|Any CPU
		{7EC5CE15-E417-46BE-A5BB-944246F8F4EC}.Release|Any CPU.Build.0 = Release|Any CPU
		{54847E6E-DCDD-42D9-AC74-51C897391E6A}.Debug|Any CPU.ActiveCfg = Debug|Any CPU
		{54847E6E-DCDD-42D9-AC74-51C897391E6A}.Debug|Any CPU.Build.0 = Debug|Any CPU
		{54847E6E-DCDD-42D9-AC74-51C897391E6A}.Release|Any CPU.ActiveCfg = Release|Any CPU
		{54847E6E-DCDD-42D9-AC74-51C897391E6A}.Release|Any CPU.Build.0 = Release|Any CPU
		{FB670DE8-4235-4050-B52E-91C5E21748C9}.Debug|Any CPU.ActiveCfg = Debug|Any CPU
		{FB670DE8-4235-4050-B52E-91C5E21748C9}.Debug|Any CPU.Build.0 = Debug|Any CPU
		{FB670DE8-4235-4050-B52E-91C5E21748C9}.Release|Any CPU.ActiveCfg = Release|Any CPU
		{FB670DE8-4235-4050-B52E-91C5E21748C9}.Release|Any CPU.Build.0 = Release|Any CPU
		{305EC52E-F87C-4EA7-853B-C9AE227B8338}.Debug|Any CPU.ActiveCfg = Debug|Any CPU
		{305EC52E-F87C-4EA7-853B-C9AE227B8338}.Debug|Any CPU.Build.0 = Debug|Any CPU
		{305EC52E-F87C-4EA7-853B-C9AE227B8338}.Release|Any CPU.ActiveCfg = Release|Any CPU
		{305EC52E-F87C-4EA7-853B-C9AE227B8338}.Release|Any CPU.Build.0 = Release|Any CPU
		{EF8674DD-EC5B-4690-9463-88E19935C186}.Debug|Any CPU.ActiveCfg = Debug|Any CPU
		{EF8674DD-EC5B-4690-9463-88E19935C186}.Debug|Any CPU.Build.0 = Debug|Any CPU
		{EF8674DD-EC5B-4690-9463-88E19935C186}.Release|Any CPU.ActiveCfg = Release|Any CPU
		{EF8674DD-EC5B-4690-9463-88E19935C186}.Release|Any CPU.Build.0 = Release|Any CPU
	EndGlobalSection
	GlobalSection(SolutionProperties) = preSolution
		HideSolutionNode = FALSE
	EndGlobalSection
EndGlobal
